
Terraform used the selected providers to generate the following execution
plan. Resource actions are indicated with the following symbols:
  [32m+[0m create
[0m
Terraform will perform the following actions:

[1m  # azurerm_linux_virtual_machine.vmGroup[0][0m will be created[0m[0m
[0m  [32m+[0m[0m resource "azurerm_linux_virtual_machine" "vmGroup" {
      [32m+[0m [0m[1m[0madmin_username[0m[0m                  = "adminUsername"
      [32m+[0m [0m[1m[0mallow_extension_operations[0m[0m      = true
      [32m+[0m [0m[1m[0mcomputer_name[0m[0m                   = (known after apply)
      [32m+[0m [0m[1m[0mdisable_password_authentication[0m[0m = true
      [32m+[0m [0m[1m[0mextensions_time_budget[0m[0m          = "PT1H30M"
      [32m+[0m [0m[1m[0mid[0m[0m                              = (known after apply)
      [32m+[0m [0m[1m[0mlocation[0m[0m                        = "westeurope"
      [32m+[0m [0m[1m[0mmax_bid_price[0m[0m                   = -1
      [32m+[0m [0m[1m[0mname[0m[0m                            = "master-azure-vm"
      [32m+[0m [0m[1m[0mnetwork_interface_ids[0m[0m           = (known after apply)
      [32m+[0m [0m[1m[0mpriority[0m[0m                        = "Regular"
      [32m+[0m [0m[1m[0mprivate_ip_address[0m[0m              = (known after apply)
      [32m+[0m [0m[1m[0mprivate_ip_addresses[0m[0m            = (known after apply)
      [32m+[0m [0m[1m[0mprovision_vm_agent[0m[0m              = true
      [32m+[0m [0m[1m[0mpublic_ip_address[0m[0m               = (known after apply)
      [32m+[0m [0m[1m[0mpublic_ip_addresses[0m[0m             = (known after apply)
      [32m+[0m [0m[1m[0mresource_group_name[0m[0m             = "kubernetes_rg"
      [32m+[0m [0m[1m[0msize[0m[0m                            = "Standard_D2s_v3"
      [32m+[0m [0m[1m[0mtags[0m[0m                            = {
          [32m+[0m [0m"environment" = "CP2"
        }
      [32m+[0m [0m[1m[0mvirtual_machine_id[0m[0m              = (known after apply)
      [32m+[0m [0m[1m[0mzone[0m[0m                            = (known after apply)

      [32m+[0m [0madmin_ssh_key {
          [32m+[0m [0m[1m[0mpublic_key[0m[0m = <<-EOT
                ssh-rsa AAAAB3NzaC1yc2EAAAADAQABAAABAQC/WhnTUd2/LdqSxxsnKCShao4a6CFyX1hKNtEbtK4B62qHPqhBlO55kgF7XukvPBx/GL4Yc30Vc+sDQM1s+dGB+SAyZCuNM5qcxp+KoL2YCetZonkOBXXrW339lQ7dOmwJQ2gPVOrzjkFCjgFNFIk5qyUrjm+ZByofV/0YKzZEPr+T6pkGsJW0lWTU5+0tfZM2NZQBvVR63wxQWMijmdv7I/B+zdBVzYdb8BCuWm0ugCnRPHcSgkjqyeJ9QQ1Jz9CTbJKIh2JKyjCozxcgncaVjemj3NRoyoZk4NIls3RM28hMorJ6ZLSKWA+IPO++OONoQWkfzJJKPVVYxIQGKyrd maria@cc-420b80f9-79fb7bdc5-lsqzl
            EOT
          [32m+[0m [0m[1m[0musername[0m[0m   = "adminUsername"
        }

      [32m+[0m [0mboot_diagnostics {
          [32m+[0m [0m[1m[0mstorage_account_uri[0m[0m = (known after apply)
        }

      [32m+[0m [0mos_disk {
          [32m+[0m [0m[1m[0mcaching[0m[0m                   = "ReadWrite"
          [32m+[0m [0m[1m[0mdisk_size_gb[0m[0m              = (known after apply)
          [32m+[0m [0m[1m[0mname[0m[0m                      = (known after apply)
          [32m+[0m [0m[1m[0mstorage_account_type[0m[0m      = "Standard_LRS"
          [32m+[0m [0m[1m[0mwrite_accelerator_enabled[0m[0m = false
        }

      [32m+[0m [0mplan {
          [32m+[0m [0m[1m[0mname[0m[0m      = "centos-8-stream-free"
          [32m+[0m [0m[1m[0mproduct[0m[0m   = "centos-8-stream-free"
          [32m+[0m [0m[1m[0mpublisher[0m[0m = "cognosys"
        }

      [32m+[0m [0msource_image_reference {
          [32m+[0m [0m[1m[0moffer[0m[0m     = "centos-8-stream-free"
          [32m+[0m [0m[1m[0mpublisher[0m[0m = "cognosys"
          [32m+[0m [0m[1m[0msku[0m[0m       = "centos-8-stream-free"
          [32m+[0m [0m[1m[0mversion[0m[0m   = "1.2019.0810"
        }
    }

[1m  # azurerm_linux_virtual_machine.vmGroup[1][0m will be created[0m[0m
[0m  [32m+[0m[0m resource "azurerm_linux_virtual_machine" "vmGroup" {
      [32m+[0m [0m[1m[0madmin_username[0m[0m                  = "adminUsername"
      [32m+[0m [0m[1m[0mallow_extension_operations[0m[0m      = true
      [32m+[0m [0m[1m[0mcomputer_name[0m[0m                   = (known after apply)
      [32m+[0m [0m[1m[0mdisable_password_authentication[0m[0m = true
      [32m+[0m [0m[1m[0mextensions_time_budget[0m[0m          = "PT1H30M"
      [32m+[0m [0m[1m[0mid[0m[0m                              = (known after apply)
      [32m+[0m [0m[1m[0mlocation[0m[0m                        = "westeurope"
      [32m+[0m [0m[1m[0mmax_bid_price[0m[0m                   = -1
      [32m+[0m [0m[1m[0mname[0m[0m                            = "worker-azure-vm"
      [32m+[0m [0m[1m[0mnetwork_interface_ids[0m[0m           = (known after apply)
      [32m+[0m [0m[1m[0mpriority[0m[0m                        = "Regular"
      [32m+[0m [0m[1m[0mprivate_ip_address[0m[0m              = (known after apply)
      [32m+[0m [0m[1m[0mprivate_ip_addresses[0m[0m            = (known after apply)
      [32m+[0m [0m[1m[0mprovision_vm_agent[0m[0m              = true
      [32m+[0m [0m[1m[0mpublic_ip_address[0m[0m               = (known after apply)
      [32m+[0m [0m[1m[0mpublic_ip_addresses[0m[0m             = (known after apply)
      [32m+[0m [0m[1m[0mresource_group_name[0m[0m             = "kubernetes_rg"
      [32m+[0m [0m[1m[0msize[0m[0m                            = "Standard_D2s_v3"
      [32m+[0m [0m[1m[0mtags[0m[0m                            = {
          [32m+[0m [0m"environment" = "CP2"
        }
      [32m+[0m [0m[1m[0mvirtual_machine_id[0m[0m              = (known after apply)
      [32m+[0m [0m[1m[0mzone[0m[0m                            = (known after apply)

      [32m+[0m [0madmin_ssh_key {
          [32m+[0m [0m[1m[0mpublic_key[0m[0m = <<-EOT
                ssh-rsa AAAAB3NzaC1yc2EAAAADAQABAAABAQC/WhnTUd2/LdqSxxsnKCShao4a6CFyX1hKNtEbtK4B62qHPqhBlO55kgF7XukvPBx/GL4Yc30Vc+sDQM1s+dGB+SAyZCuNM5qcxp+KoL2YCetZonkOBXXrW339lQ7dOmwJQ2gPVOrzjkFCjgFNFIk5qyUrjm+ZByofV/0YKzZEPr+T6pkGsJW0lWTU5+0tfZM2NZQBvVR63wxQWMijmdv7I/B+zdBVzYdb8BCuWm0ugCnRPHcSgkjqyeJ9QQ1Jz9CTbJKIh2JKyjCozxcgncaVjemj3NRoyoZk4NIls3RM28hMorJ6ZLSKWA+IPO++OONoQWkfzJJKPVVYxIQGKyrd maria@cc-420b80f9-79fb7bdc5-lsqzl
            EOT
          [32m+[0m [0m[1m[0musername[0m[0m   = "adminUsername"
        }

      [32m+[0m [0mboot_diagnostics {
          [32m+[0m [0m[1m[0mstorage_account_uri[0m[0m = (known after apply)
        }

      [32m+[0m [0mos_disk {
          [32m+[0m [0m[1m[0mcaching[0m[0m                   = "ReadWrite"
          [32m+[0m [0m[1m[0mdisk_size_gb[0m[0m              = (known after apply)
          [32m+[0m [0m[1m[0mname[0m[0m                      = (known after apply)
          [32m+[0m [0m[1m[0mstorage_account_type[0m[0m      = "Standard_LRS"
          [32m+[0m [0m[1m[0mwrite_accelerator_enabled[0m[0m = false
        }

      [32m+[0m [0mplan {
          [32m+[0m [0m[1m[0mname[0m[0m      = "centos-8-stream-free"
          [32m+[0m [0m[1m[0mproduct[0m[0m   = "centos-8-stream-free"
          [32m+[0m [0m[1m[0mpublisher[0m[0m = "cognosys"
        }

      [32m+[0m [0msource_image_reference {
          [32m+[0m [0m[1m[0moffer[0m[0m     = "centos-8-stream-free"
          [32m+[0m [0m[1m[0mpublisher[0m[0m = "cognosys"
          [32m+[0m [0m[1m[0msku[0m[0m       = "centos-8-stream-free"
          [32m+[0m [0m[1m[0mversion[0m[0m   = "1.2019.0810"
        }
    }

[1m  # azurerm_linux_virtual_machine.vmNfs[0][0m will be created[0m[0m
[0m  [32m+[0m[0m resource "azurerm_linux_virtual_machine" "vmNfs" {
      [32m+[0m [0m[1m[0madmin_username[0m[0m                  = "adminUsername"
      [32m+[0m [0m[1m[0mallow_extension_operations[0m[0m      = true
      [32m+[0m [0m[1m[0mcomputer_name[0m[0m                   = (known after apply)
      [32m+[0m [0m[1m[0mdisable_password_authentication[0m[0m = true
      [32m+[0m [0m[1m[0mextensions_time_budget[0m[0m          = "PT1H30M"
      [32m+[0m [0m[1m[0mid[0m[0m                              = (known after apply)
      [32m+[0m [0m[1m[0mlocation[0m[0m                        = "westeurope"
      [32m+[0m [0m[1m[0mmax_bid_price[0m[0m                   = -1
      [32m+[0m [0m[1m[0mname[0m[0m                            = "nfs-azure-vm"
      [32m+[0m [0m[1m[0mnetwork_interface_ids[0m[0m           = (known after apply)
      [32m+[0m [0m[1m[0mpriority[0m[0m                        = "Regular"
      [32m+[0m [0m[1m[0mprivate_ip_address[0m[0m              = (known after apply)
      [32m+[0m [0m[1m[0mprivate_ip_addresses[0m[0m            = (known after apply)
      [32m+[0m [0m[1m[0mprovision_vm_agent[0m[0m              = true
      [32m+[0m [0m[1m[0mpublic_ip_address[0m[0m               = (known after apply)
      [32m+[0m [0m[1m[0mpublic_ip_addresses[0m[0m             = (known after apply)
      [32m+[0m [0m[1m[0mresource_group_name[0m[0m             = "kubernetes_rg"
      [32m+[0m [0m[1m[0msize[0m[0m                            = "Standard_D2s_v3"
      [32m+[0m [0m[1m[0mtags[0m[0m                            = {
          [32m+[0m [0m"environment" = "CP2"
        }
      [32m+[0m [0m[1m[0mvirtual_machine_id[0m[0m              = (known after apply)
      [32m+[0m [0m[1m[0mzone[0m[0m                            = (known after apply)

      [32m+[0m [0madmin_ssh_key {
          [32m+[0m [0m[1m[0mpublic_key[0m[0m = <<-EOT
                ssh-rsa AAAAB3NzaC1yc2EAAAADAQABAAABAQC/WhnTUd2/LdqSxxsnKCShao4a6CFyX1hKNtEbtK4B62qHPqhBlO55kgF7XukvPBx/GL4Yc30Vc+sDQM1s+dGB+SAyZCuNM5qcxp+KoL2YCetZonkOBXXrW339lQ7dOmwJQ2gPVOrzjkFCjgFNFIk5qyUrjm+ZByofV/0YKzZEPr+T6pkGsJW0lWTU5+0tfZM2NZQBvVR63wxQWMijmdv7I/B+zdBVzYdb8BCuWm0ugCnRPHcSgkjqyeJ9QQ1Jz9CTbJKIh2JKyjCozxcgncaVjemj3NRoyoZk4NIls3RM28hMorJ6ZLSKWA+IPO++OONoQWkfzJJKPVVYxIQGKyrd maria@cc-420b80f9-79fb7bdc5-lsqzl
            EOT
          [32m+[0m [0m[1m[0musername[0m[0m   = "adminUsername"
        }

      [32m+[0m [0mboot_diagnostics {
          [32m+[0m [0m[1m[0mstorage_account_uri[0m[0m = (known after apply)
        }

      [32m+[0m [0mos_disk {
          [32m+[0m [0m[1m[0mcaching[0m[0m                   = "ReadWrite"
          [32m+[0m [0m[1m[0mdisk_size_gb[0m[0m              = (known after apply)
          [32m+[0m [0m[1m[0mname[0m[0m                      = (known after apply)
          [32m+[0m [0m[1m[0mstorage_account_type[0m[0m      = "Standard_LRS"
          [32m+[0m [0m[1m[0mwrite_accelerator_enabled[0m[0m = false
        }

      [32m+[0m [0mplan {
          [32m+[0m [0m[1m[0mname[0m[0m      = "centos-8-stream-free"
          [32m+[0m [0m[1m[0mproduct[0m[0m   = "centos-8-stream-free"
          [32m+[0m [0m[1m[0mpublisher[0m[0m = "cognosys"
        }

      [32m+[0m [0msource_image_reference {
          [32m+[0m [0m[1m[0moffer[0m[0m     = "centos-8-stream-free"
          [32m+[0m [0m[1m[0mpublisher[0m[0m = "cognosys"
          [32m+[0m [0m[1m[0msku[0m[0m       = "centos-8-stream-free"
          [32m+[0m [0m[1m[0mversion[0m[0m   = "1.2019.0810"
        }
    }

[1m  # azurerm_managed_disk.nfs_disk[0m will be created[0m[0m
[0m  [32m+[0m[0m resource "azurerm_managed_disk" "nfs_disk" {
      [32m+[0m [0m[1m[0mcreate_option[0m[0m        = "Empty"
      [32m+[0m [0m[1m[0mdisk_iops_read_write[0m[0m = (known after apply)
      [32m+[0m [0m[1m[0mdisk_mbps_read_write[0m[0m = (known after apply)
      [32m+[0m [0m[1m[0mdisk_size_gb[0m[0m         = 10
      [32m+[0m [0m[1m[0mid[0m[0m                   = (known after apply)
      [32m+[0m [0m[1m[0mlocation[0m[0m             = "westeurope"
      [32m+[0m [0m[1m[0mname[0m[0m                 = "nfs_disk01"
      [32m+[0m [0m[1m[0mresource_group_name[0m[0m  = "kubernetes_rg"
      [32m+[0m [0m[1m[0msource_uri[0m[0m           = (known after apply)
      [32m+[0m [0m[1m[0mstorage_account_type[0m[0m = "Standard_LRS"
    }

[1m  # azurerm_network_interface.nickGroup[0][0m will be created[0m[0m
[0m  [32m+[0m[0m resource "azurerm_network_interface" "nickGroup" {
      [32m+[0m [0m[1m[0mapplied_dns_servers[0m[0m           = (known after apply)
      [32m+[0m [0m[1m[0mdns_servers[0m[0m                   = (known after apply)
      [32m+[0m [0m[1m[0menable_accelerated_networking[0m[0m = false
      [32m+[0m [0m[1m[0menable_ip_forwarding[0m[0m          = false
      [32m+[0m [0m[1m[0mid[0m[0m                            = (known after apply)
      [32m+[0m [0m[1m[0minternal_dns_name_label[0m[0m       = (known after apply)
      [32m+[0m [0m[1m[0minternal_domain_name_suffix[0m[0m   = (known after apply)
      [32m+[0m [0m[1m[0mlocation[0m[0m                      = "westeurope"
      [32m+[0m [0m[1m[0mmac_address[0m[0m                   = (known after apply)
      [32m+[0m [0m[1m[0mname[0m[0m                          = "vmnic-master"
      [32m+[0m [0m[1m[0mprivate_ip_address[0m[0m            = (known after apply)
      [32m+[0m [0m[1m[0mprivate_ip_addresses[0m[0m          = (known after apply)
      [32m+[0m [0m[1m[0mresource_group_name[0m[0m           = "kubernetes_rg"
      [32m+[0m [0m[1m[0mtags[0m[0m                          = {
          [32m+[0m [0m"environment" = "CP2"
        }
      [32m+[0m [0m[1m[0mvirtual_machine_id[0m[0m            = (known after apply)

      [32m+[0m [0mip_configuration {
          [32m+[0m [0m[1m[0mname[0m[0m                          = "ipconfiguration-master"
          [32m+[0m [0m[1m[0mprimary[0m[0m                       = (known after apply)
          [32m+[0m [0m[1m[0mprivate_ip_address[0m[0m            = "10.0.1.10"
          [32m+[0m [0m[1m[0mprivate_ip_address_allocation[0m[0m = "static"
          [32m+[0m [0m[1m[0mprivate_ip_address_version[0m[0m    = "IPv4"
          [32m+[0m [0m[1m[0mpublic_ip_address_id[0m[0m          = (known after apply)
          [32m+[0m [0m[1m[0msubnet_id[0m[0m                     = (known after apply)
        }
    }

[1m  # azurerm_network_interface.nickGroup[1][0m will be created[0m[0m
[0m  [32m+[0m[0m resource "azurerm_network_interface" "nickGroup" {
      [32m+[0m [0m[1m[0mapplied_dns_servers[0m[0m           = (known after apply)
      [32m+[0m [0m[1m[0mdns_servers[0m[0m                   = (known after apply)
      [32m+[0m [0m[1m[0menable_accelerated_networking[0m[0m = false
      [32m+[0m [0m[1m[0menable_ip_forwarding[0m[0m          = false
      [32m+[0m [0m[1m[0mid[0m[0m                            = (known after apply)
      [32m+[0m [0m[1m[0minternal_dns_name_label[0m[0m       = (known after apply)
      [32m+[0m [0m[1m[0minternal_domain_name_suffix[0m[0m   = (known after apply)
      [32m+[0m [0m[1m[0mlocation[0m[0m                      = "westeurope"
      [32m+[0m [0m[1m[0mmac_address[0m[0m                   = (known after apply)
      [32m+[0m [0m[1m[0mname[0m[0m                          = "vmnic-worker"
      [32m+[0m [0m[1m[0mprivate_ip_address[0m[0m            = (known after apply)
      [32m+[0m [0m[1m[0mprivate_ip_addresses[0m[0m          = (known after apply)
      [32m+[0m [0m[1m[0mresource_group_name[0m[0m           = "kubernetes_rg"
      [32m+[0m [0m[1m[0mtags[0m[0m                          = {
          [32m+[0m [0m"environment" = "CP2"
        }
      [32m+[0m [0m[1m[0mvirtual_machine_id[0m[0m            = (known after apply)

      [32m+[0m [0mip_configuration {
          [32m+[0m [0m[1m[0mname[0m[0m                          = "ipconfiguration-worker"
          [32m+[0m [0m[1m[0mprimary[0m[0m                       = (known after apply)
          [32m+[0m [0m[1m[0mprivate_ip_address[0m[0m            = "10.0.1.11"
          [32m+[0m [0m[1m[0mprivate_ip_address_allocation[0m[0m = "static"
          [32m+[0m [0m[1m[0mprivate_ip_address_version[0m[0m    = "IPv4"
          [32m+[0m [0m[1m[0mpublic_ip_address_id[0m[0m          = (known after apply)
          [32m+[0m [0m[1m[0msubnet_id[0m[0m                     = (known after apply)
        }
    }

[1m  # azurerm_network_interface_security_group_association.secGroupAssociation[0][0m will be created[0m[0m
[0m  [32m+[0m[0m resource "azurerm_network_interface_security_group_association" "secGroupAssociation" {
      [32m+[0m [0m[1m[0mid[0m[0m                        = (known after apply)
      [32m+[0m [0m[1m[0mnetwork_interface_id[0m[0m      = (known after apply)
      [32m+[0m [0m[1m[0mnetwork_security_group_id[0m[0m = (known after apply)
    }

[1m  # azurerm_network_interface_security_group_association.secGroupAssociation[1][0m will be created[0m[0m
[0m  [32m+[0m[0m resource "azurerm_network_interface_security_group_association" "secGroupAssociation" {
      [32m+[0m [0m[1m[0mid[0m[0m                        = (known after apply)
      [32m+[0m [0m[1m[0mnetwork_interface_id[0m[0m      = (known after apply)
      [32m+[0m [0m[1m[0mnetwork_security_group_id[0m[0m = (known after apply)
    }

[1m  # azurerm_network_security_group.securityGroup[0m will be created[0m[0m
[0m  [32m+[0m[0m resource "azurerm_network_security_group" "securityGroup" {
      [32m+[0m [0m[1m[0mid[0m[0m                  = (known after apply)
      [32m+[0m [0m[1m[0mlocation[0m[0m            = "westeurope"
      [32m+[0m [0m[1m[0mname[0m[0m                = "sshtraffic"
      [32m+[0m [0m[1m[0mresource_group_name[0m[0m = "kubernetes_rg"
      [32m+[0m [0m[1m[0msecurity_rule[0m[0m       = [
          [32m+[0m [0m{
              [32m+[0m [0maccess                                     = "Allow"
              [32m+[0m [0mdescription                                = ""
              [32m+[0m [0mdestination_address_prefix                 = "*"
              [32m+[0m [0mdestination_address_prefixes               = []
              [32m+[0m [0mdestination_application_security_group_ids = []
              [32m+[0m [0mdestination_port_range                     = "22"
              [32m+[0m [0mdestination_port_ranges                    = []
              [32m+[0m [0mdirection                                  = "Inbound"
              [32m+[0m [0mname                                       = "SSH"
              [32m+[0m [0mpriority                                   = 1001
              [32m+[0m [0mprotocol                                   = "Tcp"
              [32m+[0m [0msource_address_prefix                      = "*"
              [32m+[0m [0msource_address_prefixes                    = []
              [32m+[0m [0msource_application_security_group_ids      = []
              [32m+[0m [0msource_port_range                          = "*"
              [32m+[0m [0msource_port_ranges                         = []
            },
        ]
      [32m+[0m [0m[1m[0mtags[0m[0m                = {
          [32m+[0m [0m"environment" = "CP2"
        }
    }

[1m  # azurerm_public_ip.publicGroup[0][0m will be created[0m[0m
[0m  [32m+[0m[0m resource "azurerm_public_ip" "publicGroup" {
      [32m+[0m [0m[1m[0mallocation_method[0m[0m       = "Dynamic"
      [32m+[0m [0m[1m[0mdomain_name_label[0m[0m       = "mastermlgm01"
      [32m+[0m [0m[1m[0mfqdn[0m[0m                    = (known after apply)
      [32m+[0m [0m[1m[0mid[0m[0m                      = (known after apply)
      [32m+[0m [0m[1m[0midle_timeout_in_minutes[0m[0m = 4
      [32m+[0m [0m[1m[0mip_address[0m[0m              = (known after apply)
      [32m+[0m [0m[1m[0mip_version[0m[0m              = "IPv4"
      [32m+[0m [0m[1m[0mlocation[0m[0m                = "westeurope"
      [32m+[0m [0m[1m[0mname[0m[0m                    = "masterip01"
      [32m+[0m [0m[1m[0mresource_group_name[0m[0m     = "kubernetes_rg"
      [32m+[0m [0m[1m[0msku[0m[0m                     = "Basic"
      [32m+[0m [0m[1m[0mtags[0m[0m                    = {
          [32m+[0m [0m"environment" = "CP2"
        }
    }

[1m  # azurerm_public_ip.publicGroup[1][0m will be created[0m[0m
[0m  [32m+[0m[0m resource "azurerm_public_ip" "publicGroup" {
      [32m+[0m [0m[1m[0mallocation_method[0m[0m       = "Dynamic"
      [32m+[0m [0m[1m[0mdomain_name_label[0m[0m       = "workermlgm02"
      [32m+[0m [0m[1m[0mfqdn[0m[0m                    = (known after apply)
      [32m+[0m [0m[1m[0mid[0m[0m                      = (known after apply)
      [32m+[0m [0m[1m[0midle_timeout_in_minutes[0m[0m = 4
      [32m+[0m [0m[1m[0mip_address[0m[0m              = (known after apply)
      [32m+[0m [0m[1m[0mip_version[0m[0m              = "IPv4"
      [32m+[0m [0m[1m[0mlocation[0m[0m                = "westeurope"
      [32m+[0m [0m[1m[0mname[0m[0m                    = "workerip02"
      [32m+[0m [0m[1m[0mresource_group_name[0m[0m     = "kubernetes_rg"
      [32m+[0m [0m[1m[0msku[0m[0m                     = "Basic"
      [32m+[0m [0m[1m[0mtags[0m[0m                    = {
          [32m+[0m [0m"environment" = "CP2"
        }
    }

[1m  # azurerm_resource_group.rg[0m will be created[0m[0m
[0m  [32m+[0m[0m resource "azurerm_resource_group" "rg" {
      [32m+[0m [0m[1m[0mid[0m[0m       = (known after apply)
      [32m+[0m [0m[1m[0mlocation[0m[0m = "westeurope"
      [32m+[0m [0m[1m[0mname[0m[0m     = "kubernetes_rg"
      [32m+[0m [0m[1m[0mtags[0m[0m     = {
          [32m+[0m [0m"environment" = "CP2"
        }
    }

[1m  # azurerm_storage_account.storageAccount[0m will be created[0m[0m
[0m  [32m+[0m[0m resource "azurerm_storage_account" "storageAccount" {
      [32m+[0m [0m[1m[0maccess_tier[0m[0m                      = (known after apply)
      [32m+[0m [0m[1m[0maccount_kind[0m[0m                     = "StorageV2"
      [32m+[0m [0m[1m[0maccount_replication_type[0m[0m         = "LRS"
      [32m+[0m [0m[1m[0maccount_tier[0m[0m                     = "Standard"
      [32m+[0m [0m[1m[0mallow_blob_public_access[0m[0m         = false
      [32m+[0m [0m[1m[0menable_https_traffic_only[0m[0m        = true
      [32m+[0m [0m[1m[0mid[0m[0m                               = (known after apply)
      [32m+[0m [0m[1m[0mis_hns_enabled[0m[0m                   = false
      [32m+[0m [0m[1m[0mlarge_file_share_enabled[0m[0m         = (known after apply)
      [32m+[0m [0m[1m[0mlocation[0m[0m                         = "westeurope"
      [32m+[0m [0m[1m[0mmin_tls_version[0m[0m                  = "TLS1_0"
      [32m+[0m [0m[1m[0mname[0m[0m                             = "accstor78452126"
      [32m+[0m [0m[1m[0mprimary_access_key[0m[0m               = (sensitive value)
      [32m+[0m [0m[1m[0mprimary_blob_connection_string[0m[0m   = (sensitive value)
      [32m+[0m [0m[1m[0mprimary_blob_endpoint[0m[0m            = (known after apply)
      [32m+[0m [0m[1m[0mprimary_blob_host[0m[0m                = (known after apply)
      [32m+[0m [0m[1m[0mprimary_connection_string[0m[0m        = (sensitive value)
      [32m+[0m [0m[1m[0mprimary_dfs_endpoint[0m[0m             = (known after apply)
      [32m+[0m [0m[1m[0mprimary_dfs_host[0m[0m                 = (known after apply)
      [32m+[0m [0m[1m[0mprimary_file_endpoint[0m[0m            = (known after apply)
      [32m+[0m [0m[1m[0mprimary_file_host[0m[0m                = (known after apply)
      [32m+[0m [0m[1m[0mprimary_location[0m[0m                 = (known after apply)
      [32m+[0m [0m[1m[0mprimary_queue_endpoint[0m[0m           = (known after apply)
      [32m+[0m [0m[1m[0mprimary_queue_host[0m[0m               = (known after apply)
      [32m+[0m [0m[1m[0mprimary_table_endpoint[0m[0m           = (known after apply)
      [32m+[0m [0m[1m[0mprimary_table_host[0m[0m               = (known after apply)
      [32m+[0m [0m[1m[0mprimary_web_endpoint[0m[0m             = (known after apply)
      [32m+[0m [0m[1m[0mprimary_web_host[0m[0m                 = (known after apply)
      [32m+[0m [0m[1m[0mresource_group_name[0m[0m              = "kubernetes_rg"
      [32m+[0m [0m[1m[0msecondary_access_key[0m[0m             = (sensitive value)
      [32m+[0m [0m[1m[0msecondary_blob_connection_string[0m[0m = (sensitive value)
      [32m+[0m [0m[1m[0msecondary_blob_endpoint[0m[0m          = (known after apply)
      [32m+[0m [0m[1m[0msecondary_blob_host[0m[0m              = (known after apply)
      [32m+[0m [0m[1m[0msecondary_connection_string[0m[0m      = (sensitive value)
      [32m+[0m [0m[1m[0msecondary_dfs_endpoint[0m[0m           = (known after apply)
      [32m+[0m [0m[1m[0msecondary_dfs_host[0m[0m               = (known after apply)
      [32m+[0m [0m[1m[0msecondary_file_endpoint[0m[0m          = (known after apply)
      [32m+[0m [0m[1m[0msecondary_file_host[0m[0m              = (known after apply)
      [32m+[0m [0m[1m[0msecondary_location[0m[0m               = (known after apply)
      [32m+[0m [0m[1m[0msecondary_queue_endpoint[0m[0m         = (known after apply)
      [32m+[0m [0m[1m[0msecondary_queue_host[0m[0m             = (known after apply)
      [32m+[0m [0m[1m[0msecondary_table_endpoint[0m[0m         = (known after apply)
      [32m+[0m [0m[1m[0msecondary_table_host[0m[0m             = (known after apply)
      [32m+[0m [0m[1m[0msecondary_web_endpoint[0m[0m           = (known after apply)
      [32m+[0m [0m[1m[0msecondary_web_host[0m[0m               = (known after apply)
      [32m+[0m [0m[1m[0mtags[0m[0m                             = {
          [32m+[0m [0m"environment" = "CP2"
        }

      [32m+[0m [0mblob_properties {
          [32m+[0m [0mcors_rule {
              [32m+[0m [0m[1m[0mallowed_headers[0m[0m    = (known after apply)
              [32m+[0m [0m[1m[0mallowed_methods[0m[0m    = (known after apply)
              [32m+[0m [0m[1m[0mallowed_origins[0m[0m    = (known after apply)
              [32m+[0m [0m[1m[0mexposed_headers[0m[0m    = (known after apply)
              [32m+[0m [0m[1m[0mmax_age_in_seconds[0m[0m = (known after apply)
            }

          [32m+[0m [0mdelete_retention_policy {
              [32m+[0m [0m[1m[0mdays[0m[0m = (known after apply)
            }
        }

      [32m+[0m [0midentity {
          [32m+[0m [0m[1m[0mprincipal_id[0m[0m = (known after apply)
          [32m+[0m [0m[1m[0mtenant_id[0m[0m    = (known after apply)
          [32m+[0m [0m[1m[0mtype[0m[0m         = (known after apply)
        }

      [32m+[0m [0mnetwork_rules {
          [32m+[0m [0m[1m[0mbypass[0m[0m                     = (known after apply)
          [32m+[0m [0m[1m[0mdefault_action[0m[0m             = (known after apply)
          [32m+[0m [0m[1m[0mip_rules[0m[0m                   = (known after apply)
          [32m+[0m [0m[1m[0mvirtual_network_subnet_ids[0m[0m = (known after apply)
        }

      [32m+[0m [0mqueue_properties {
          [32m+[0m [0mcors_rule {
              [32m+[0m [0m[1m[0mallowed_headers[0m[0m    = (known after apply)
              [32m+[0m [0m[1m[0mallowed_methods[0m[0m    = (known after apply)
              [32m+[0m [0m[1m[0mallowed_origins[0m[0m    = (known after apply)
              [32m+[0m [0m[1m[0mexposed_headers[0m[0m    = (known after apply)
              [32m+[0m [0m[1m[0mmax_age_in_seconds[0m[0m = (known after apply)
            }

          [32m+[0m [0mhour_metrics {
              [32m+[0m [0m[1m[0menabled[0m[0m               = (known after apply)
              [32m+[0m [0m[1m[0minclude_apis[0m[0m          = (known after apply)
              [32m+[0m [0m[1m[0mretention_policy_days[0m[0m = (known after apply)
              [32m+[0m [0m[1m[0mversion[0m[0m               = (known after apply)
            }

          [32m+[0m [0mlogging {
              [32m+[0m [0m[1m[0mdelete[0m[0m                = (known after apply)
              [32m+[0m [0m[1m[0mread[0m[0m                  = (known after apply)
              [32m+[0m [0m[1m[0mretention_policy_days[0m[0m = (known after apply)
              [32m+[0m [0m[1m[0mversion[0m[0m               = (known after apply)
              [32m+[0m [0m[1m[0mwrite[0m[0m                 = (known after apply)
            }

          [32m+[0m [0mminute_metrics {
              [32m+[0m [0m[1m[0menabled[0m[0m               = (known after apply)
              [32m+[0m [0m[1m[0minclude_apis[0m[0m          = (known after apply)
              [32m+[0m [0m[1m[0mretention_policy_days[0m[0m = (known after apply)
              [32m+[0m [0m[1m[0mversion[0m[0m               = (known after apply)
            }
        }
    }

[1m  # azurerm_subnet.azureSubnet[0m will be created[0m[0m
[0m  [32m+[0m[0m resource "azurerm_subnet" "azureSubnet" {
      [32m+[0m [0m[1m[0maddress_prefix[0m[0m                                 = (known after apply)
      [32m+[0m [0m[1m[0maddress_prefixes[0m[0m                               = [
          [32m+[0m [0m"10.0.1.0/24",
        ]
      [32m+[0m [0m[1m[0menforce_private_link_endpoint_network_policies[0m[0m = false
      [32m+[0m [0m[1m[0menforce_private_link_service_network_policies[0m[0m  = false
      [32m+[0m [0m[1m[0mid[0m[0m                                             = (known after apply)
      [32m+[0m [0m[1m[0mname[0m[0m                                           = "terraformSubnet"
      [32m+[0m [0m[1m[0mresource_group_name[0m[0m                            = "kubernetes_rg"
      [32m+[0m [0m[1m[0mvirtual_network_name[0m[0m                           = "kubernetesNetwork"
    }

[1m  # azurerm_virtual_machine_data_disk_attachment.managed_disk_attach[0][0m will be created[0m[0m
[0m  [32m+[0m[0m resource "azurerm_virtual_machine_data_disk_attachment" "managed_disk_attach" {
      [32m+[0m [0m[1m[0mcaching[0m[0m                   = "ReadWrite"
      [32m+[0m [0m[1m[0mcreate_option[0m[0m             = "Attach"
      [32m+[0m [0m[1m[0mid[0m[0m                        = (known after apply)
      [32m+[0m [0m[1m[0mlun[0m[0m                       = 10
      [32m+[0m [0m[1m[0mmanaged_disk_id[0m[0m           = (known after apply)
      [32m+[0m [0m[1m[0mvirtual_machine_id[0m[0m        = (known after apply)
      [32m+[0m [0m[1m[0mwrite_accelerator_enabled[0m[0m = false
    }

[1m  # azurerm_virtual_network.azureNetwork[0m will be created[0m[0m
[0m  [32m+[0m[0m resource "azurerm_virtual_network" "azureNetwork" {
      [32m+[0m [0m[1m[0maddress_space[0m[0m         = [
          [32m+[0m [0m"10.0.0.0/16",
        ]
      [32m+[0m [0m[1m[0mguid[0m[0m                  = (known after apply)
      [32m+[0m [0m[1m[0mid[0m[0m                    = (known after apply)
      [32m+[0m [0m[1m[0mlocation[0m[0m              = "westeurope"
      [32m+[0m [0m[1m[0mname[0m[0m                  = "kubernetesNetwork"
      [32m+[0m [0m[1m[0mresource_group_name[0m[0m   = "kubernetes_rg"
      [32m+[0m [0m[1m[0msubnet[0m[0m                = (known after apply)
      [32m+[0m [0m[1m[0mtags[0m[0m                  = {
          [32m+[0m [0m"environment" = "CP2"
        }
      [32m+[0m [0m[1m[0mvm_protection_enabled[0m[0m = false
    }

[0m[1mPlan:[0m 16 to add, 0 to change, 0 to destroy.
[0m[0m[1m
Do you want to perform these actions?[0m
  Terraform will perform the actions described above.
  Only 'yes' will be accepted to approve.

  [1mEnter a value:[0m [0m
[0m[1mazurerm_resource_group.rg: Creating...[0m[0m
[0m[1mazurerm_resource_group.rg: Creation complete after 0s [id=/subscriptions/47efce41-851d-4769-a8ad-9e87af524a69/resourceGroups/kubernetes_rg][0m
[0m[1mazurerm_virtual_network.azureNetwork: Creating...[0m[0m
[0m[1mazurerm_managed_disk.nfs_disk: Creating...[0m[0m
[0m[1mazurerm_public_ip.publicGroup[1]: Creating...[0m[0m
[0m[1mazurerm_public_ip.publicGroup[0]: Creating...[0m[0m
[0m[1mazurerm_storage_account.storageAccount: Creating...[0m[0m
[0m[1mazurerm_network_security_group.securityGroup: Creating...[0m[0m
[0m[1mazurerm_managed_disk.nfs_disk: Creation complete after 3s [id=/subscriptions/47efce41-851d-4769-a8ad-9e87af524a69/resourceGroups/kubernetes_rg/providers/Microsoft.Compute/disks/nfs_disk01][0m
[0m[1mazurerm_network_security_group.securityGroup: Creation complete after 4s [id=/subscriptions/47efce41-851d-4769-a8ad-9e87af524a69/resourceGroups/kubernetes_rg/providers/Microsoft.Network/networkSecurityGroups/sshtraffic][0m
[0m[1mazurerm_virtual_network.azureNetwork: Creation complete after 4s [id=/subscriptions/47efce41-851d-4769-a8ad-9e87af524a69/resourceGroups/kubernetes_rg/providers/Microsoft.Network/virtualNetworks/kubernetesNetwork][0m
[0m[1mazurerm_subnet.azureSubnet: Creating...[0m[0m
[0m[1mazurerm_public_ip.publicGroup[0]: Creation complete after 5s [id=/subscriptions/47efce41-851d-4769-a8ad-9e87af524a69/resourceGroups/kubernetes_rg/providers/Microsoft.Network/publicIPAddresses/masterip01][0m
[0m[1mazurerm_public_ip.publicGroup[1]: Creation complete after 5s [id=/subscriptions/47efce41-851d-4769-a8ad-9e87af524a69/resourceGroups/kubernetes_rg/providers/Microsoft.Network/publicIPAddresses/workerip02][0m
[0m[1mazurerm_subnet.azureSubnet: Creation complete after 4s [id=/subscriptions/47efce41-851d-4769-a8ad-9e87af524a69/resourceGroups/kubernetes_rg/providers/Microsoft.Network/virtualNetworks/kubernetesNetwork/subnets/terraformSubnet][0m
[0m[1mazurerm_network_interface.nickGroup[1]: Creating...[0m[0m
[0m[1mazurerm_network_interface.nickGroup[0]: Creating...[0m[0m
[0m[1mazurerm_network_interface.nickGroup[1]: Creation complete after 0s [id=/subscriptions/47efce41-851d-4769-a8ad-9e87af524a69/resourceGroups/kubernetes_rg/providers/Microsoft.Network/networkInterfaces/vmnic-worker][0m
[0m[1mazurerm_network_interface.nickGroup[0]: Creation complete after 1s [id=/subscriptions/47efce41-851d-4769-a8ad-9e87af524a69/resourceGroups/kubernetes_rg/providers/Microsoft.Network/networkInterfaces/vmnic-master][0m
[0m[1mazurerm_network_interface_security_group_association.secGroupAssociation[0]: Creating...[0m[0m
[0m[1mazurerm_network_interface_security_group_association.secGroupAssociation[1]: Creating...[0m[0m
[0m[1mazurerm_network_interface_security_group_association.secGroupAssociation[0]: Creation complete after 0s [id=/subscriptions/47efce41-851d-4769-a8ad-9e87af524a69/resourceGroups/kubernetes_rg/providers/Microsoft.Network/networkInterfaces/vmnic-master|/subscriptions/47efce41-851d-4769-a8ad-9e87af524a69/resourceGroups/kubernetes_rg/providers/Microsoft.Network/networkSecurityGroups/sshtraffic][0m
[0m[1mazurerm_network_interface_security_group_association.secGroupAssociation[1]: Creation complete after 0s [id=/subscriptions/47efce41-851d-4769-a8ad-9e87af524a69/resourceGroups/kubernetes_rg/providers/Microsoft.Network/networkInterfaces/vmnic-worker|/subscriptions/47efce41-851d-4769-a8ad-9e87af524a69/resourceGroups/kubernetes_rg/providers/Microsoft.Network/networkSecurityGroups/sshtraffic][0m
[0m[1mazurerm_storage_account.storageAccount: Still creating... [10s elapsed][0m[0m
[0m[1mazurerm_storage_account.storageAccount: Still creating... [20s elapsed][0m[0m
[0m[1mazurerm_storage_account.storageAccount: Creation complete after 23s [id=/subscriptions/47efce41-851d-4769-a8ad-9e87af524a69/resourceGroups/kubernetes_rg/providers/Microsoft.Storage/storageAccounts/accstor78452126][0m
[0m[1mazurerm_linux_virtual_machine.vmGroup[1]: Creating...[0m[0m
[0m[1mazurerm_linux_virtual_machine.vmGroup[0]: Creating...[0m[0m
[0m[1mazurerm_linux_virtual_machine.vmNfs[0]: Creating...[0m[0m
[0m[1mazurerm_linux_virtual_machine.vmGroup[1]: Still creating... [10s elapsed][0m[0m
[0m[1mazurerm_linux_virtual_machine.vmGroup[0]: Still creating... [10s elapsed][0m[0m
[0m[1mazurerm_linux_virtual_machine.vmNfs[0]: Still creating... [10s elapsed][0m[0m
[0m[1mazurerm_linux_virtual_machine.vmGroup[1]: Still creating... [20s elapsed][0m[0m
[0m[1mazurerm_linux_virtual_machine.vmNfs[0]: Still creating... [20s elapsed][0m[0m
[0m[1mazurerm_linux_virtual_machine.vmGroup[1]: Still creating... [30s elapsed][0m[0m
[0m[1mazurerm_linux_virtual_machine.vmNfs[0]: Still creating... [30s elapsed][0m[0m
[0m[1mazurerm_linux_virtual_machine.vmGroup[1]: Still creating... [40s elapsed][0m[0m
[0m[1mazurerm_linux_virtual_machine.vmNfs[0]: Still creating... [40s elapsed][0m[0m
[0m[1mazurerm_linux_virtual_machine.vmGroup[1]: Still creating... [50s elapsed][0m[0m
[0m[1mazurerm_linux_virtual_machine.vmNfs[0]: Still creating... [50s elapsed][0m[0m
[0m[1mazurerm_linux_virtual_machine.vmGroup[1]: Still creating... [1m0s elapsed][0m[0m
[0m[1mazurerm_linux_virtual_machine.vmNfs[0]: Still creating... [1m0s elapsed][0m[0m
[0m[1mazurerm_linux_virtual_machine.vmGroup[1]: Still creating... [1m10s elapsed][0m[0m
[0m[1mazurerm_linux_virtual_machine.vmNfs[0]: Still creating... [1m10s elapsed][0m[0m
[0m[1mazurerm_linux_virtual_machine.vmGroup[1]: Still creating... [1m20s elapsed][0m[0m
[0m[1mazurerm_linux_virtual_machine.vmNfs[0]: Still creating... [1m20s elapsed][0m[0m
[0m[1mazurerm_linux_virtual_machine.vmGroup[1]: Still creating... [1m30s elapsed][0m[0m
[0m[1mazurerm_linux_virtual_machine.vmNfs[0]: Still creating... [1m30s elapsed][0m[0m
[0m[1mazurerm_linux_virtual_machine.vmGroup[1]: Still creating... [1m40s elapsed][0m[0m
[0m[1mazurerm_linux_virtual_machine.vmNfs[0]: Still creating... [1m40s elapsed][0m[0m
[0m[1mazurerm_linux_virtual_machine.vmGroup[1]: Still creating... [1m50s elapsed][0m[0m
[0m[1mazurerm_linux_virtual_machine.vmNfs[0]: Still creating... [1m50s elapsed][0m[0m
[0m[1mazurerm_linux_virtual_machine.vmGroup[1]: Creation complete after 1m52s [id=/subscriptions/47efce41-851d-4769-a8ad-9e87af524a69/resourceGroups/kubernetes_rg/providers/Microsoft.Compute/virtualMachines/worker-azure-vm][0m
[0m[1mazurerm_linux_virtual_machine.vmNfs[0]: Creation complete after 1m53s [id=/subscriptions/47efce41-851d-4769-a8ad-9e87af524a69/resourceGroups/kubernetes_rg/providers/Microsoft.Compute/virtualMachines/nfs-azure-vm][0m
[0m[1mazurerm_virtual_machine_data_disk_attachment.managed_disk_attach[0]: Creating...[0m[0m
[0m[1mazurerm_virtual_machine_data_disk_attachment.managed_disk_attach[0]: Still creating... [10s elapsed][0m[0m
[0m[1mazurerm_virtual_machine_data_disk_attachment.managed_disk_attach[0]: Still creating... [20s elapsed][0m[0m
[0m[1mazurerm_virtual_machine_data_disk_attachment.managed_disk_attach[0]: Still creating... [30s elapsed][0m[0m
[0m[1mazurerm_virtual_machine_data_disk_attachment.managed_disk_attach[0]: Still creating... [40s elapsed][0m[0m
[0m[1mazurerm_virtual_machine_data_disk_attachment.managed_disk_attach[0]: Still creating... [50s elapsed][0m[0m
[0m[1mazurerm_virtual_machine_data_disk_attachment.managed_disk_attach[0]: Still creating... [1m0s elapsed][0m[0m
[0m[1mazurerm_virtual_machine_data_disk_attachment.managed_disk_attach[0]: Creation complete after 1m1s [id=/subscriptions/47efce41-851d-4769-a8ad-9e87af524a69/resourceGroups/kubernetes_rg/providers/Microsoft.Compute/virtualMachines/nfs-azure-vm/dataDisks/nfs_disk01][0m
